
Microsoft Visual Studio Solution File, Format Version 12.00
# Visual Studio Version 17
VisualStudioVersion = 17.1.32210.238
MinimumVisualStudioVersion = 10.0.40219.1
Project("{9A19103F-16F7-4668-BE54-9A1E7A4F7556}") = "DiplomaClientApplication", "DiplomaClientApplication.csproj", "{AC6C9F6D-5A35-4FA0-9CDE-176DF77AC6E4}"
EndProject
Project("{9A19103F-16F7-4668-BE54-9A1E7A4F7556}") = "ConnectionToCoSyCo", "..\ConnectionToCoSyCo\ConnectionToCoSyCo.csproj", "{1E00B911-EB9C-406B-9E23-C3766A366395}"
EndProject
Project("{9A19103F-16F7-4668-BE54-9A1E7A4F7556}") = "Normalization", "..\Normalization\Normalization\Normalization.csproj", "{D771089F-5A93-41B9-A46C-971B19B5DCDF}"
EndProject
Global
	GlobalSection(SolutionConfigurationPlatforms) = preSolution
		Debug|Any CPU = Debug|Any CPU
		Debug|x64 = Debug|x64
		Release|Any CPU = Release|Any CPU
		Release|x64 = Release|x64
	EndGlobalSection
	GlobalSection(ProjectConfigurationPlatforms) = postSolution
		{AC6C9F6D-5A35-4FA0-9CDE-176DF77AC6E4}.Debug|Any CPU.ActiveCfg = Debug|Any CPU
		{AC6C9F6D-5A35-4FA0-9CDE-176DF77AC6E4}.Debug|Any CPU.Build.0 = Debug|Any CPU
		{AC6C9F6D-5A35-4FA0-9CDE-176DF77AC6E4}.Debug|x64.ActiveCfg = Debug|Any CPU
		{AC6C9F6D-5A35-4FA0-9CDE-176DF77AC6E4}.Debug|x64.Build.0 = Debug|Any CPU
		{AC6C9F6D-5A35-4FA0-9CDE-176DF77AC6E4}.Release|Any CPU.ActiveCfg = Release|Any CPU
		{AC6C9F6D-5A35-4FA0-9CDE-176DF77AC6E4}.Release|Any CPU.Build.0 = Release|Any CPU
		{AC6C9F6D-5A35-4FA0-9CDE-176DF77AC6E4}.Release|x64.ActiveCfg = Release|Any CPU
		{AC6C9F6D-5A35-4FA0-9CDE-176DF77AC6E4}.Release|x64.Build.0 = Release|Any CPU
		{1E00B911-EB9C-406B-9E23-C3766A366395}.Debug|Any CPU.ActiveCfg = Debug|Any CPU
		{1E00B911-EB9C-406B-9E23-C3766A366395}.Debug|Any CPU.Build.0 = Debug|Any CPU
		{1E00B911-EB9C-406B-9E23-C3766A366395}.Debug|x64.ActiveCfg = Debug|x64
		{1E00B911-EB9C-406B-9E23-C3766A366395}.Debug|x64.Build.0 = Debug|x64
		{1E00B911-EB9C-406B-9E23-C3766A366395}.Release|Any CPU.ActiveCfg = Release|Any CPU
		{1E00B911-EB9C-406B-9E23-C3766A366395}.Release|Any CPU.Build.0 = Release|Any CPU
		{1E00B911-EB9C-406B-9E23-C3766A366395}.Release|x64.ActiveCfg = Release|x64
		{1E00B911-EB9C-406B-9E23-C3766A366395}.Release|x64.Build.0 = Release|x64
		{D771089F-5A93-41B9-A46C-971B19B5DCDF}.Debug|Any CPU.ActiveCfg = Debug|Any CPU
		{D771089F-5A93-41B9-A46C-971B19B5DCDF}.Debug|Any CPU.Build.0 = Debug|Any CPU
		{D771089F-5A93-41B9-A46C-971B19B5DCDF}.Debug|x64.ActiveCfg = Debug|x64
		{D771089F-5A93-41B9-A46C-971B19B5DCDF}.Debug|x64.Build.0 = Debug|x64
		{D771089F-5A93-41B9-A46C-971B19B5DCDF}.Release|Any CPU.ActiveCfg = Release|Any CPU
		{D771089F-5A93-41B9-A46C-971B19B5DCDF}.Release|Any CPU.Build.0 = Release|Any CPU
		{D771089F-5A93-41B9-A46C-971B19B5DCDF}.Release|x64.ActiveCfg = Release|x64
		{D771089F-5A93-41B9-A46C-971B19B5DCDF}.Release|x64.Build.0 = Release|x64
	EndGlobalSection
	GlobalSection(SolutionProperties) = preSolution
		HideSolutionNode = FALSE
	EndGlobalSection
	GlobalSection(ExtensibilityGlobals) = postSolution
		SolutionGuid = {5D370ECD-1E9A-43B2-A6EB-1734B303FF55}
	EndGlobalSection
EndGlobal
