
Microsoft Visual Studio Solution File, Format Version 12.00
# Visual Studio Version 17
VisualStudioVersion = 17.1.32210.238
MinimumVisualStudioVersion = 10.0.40219.1
Project("{FAE04EC0-301F-11D3-BF4B-00C04F79EFBC}") = "DiplomaClientApplication", "DiplomaClientApplication.csproj", "{AC6C9F6D-5A35-4FA0-9CDE-176DF77AC6E4}"
EndProject
Project("{9A19103F-16F7-4668-BE54-9A1E7A4F7556}") = "Normalization", "..\..\Normalization\Normalization\normalization\Normalization.csproj", "{DD56E325-B00F-497A-A1D6-17FDBA0A659E}"
EndProject
Project("{9A19103F-16F7-4668-BE54-9A1E7A4F7556}") = "ConnectionToCoSyCo", "..\..\ConnectionToCoSyCo\ConnectionToCoSyCo\ConnectionToCoSyCo.csproj", "{4A9F5AAE-9D5E-4A98-9510-6AE7BCB7579A}"
EndProject
Global
	GlobalSection(SolutionConfigurationPlatforms) = preSolution
		Debug|Any CPU = Debug|Any CPU
		Debug|x64 = Debug|x64
		Release|Any CPU = Release|Any CPU
		Release|x64 = Release|x64
	EndGlobalSection
	GlobalSection(ProjectConfigurationPlatforms) = postSolution
		{AC6C9F6D-5A35-4FA0-9CDE-176DF77AC6E4}.Debug|Any CPU.ActiveCfg = Debug|Any CPU
		{AC6C9F6D-5A35-4FA0-9CDE-176DF77AC6E4}.Debug|Any CPU.Build.0 = Debug|Any CPU
		{AC6C9F6D-5A35-4FA0-9CDE-176DF77AC6E4}.Debug|x64.ActiveCfg = Debug|Any CPU
		{AC6C9F6D-5A35-4FA0-9CDE-176DF77AC6E4}.Debug|x64.Build.0 = Debug|Any CPU
		{AC6C9F6D-5A35-4FA0-9CDE-176DF77AC6E4}.Release|Any CPU.ActiveCfg = Release|Any CPU
		{AC6C9F6D-5A35-4FA0-9CDE-176DF77AC6E4}.Release|Any CPU.Build.0 = Release|Any CPU
		{AC6C9F6D-5A35-4FA0-9CDE-176DF77AC6E4}.Release|x64.ActiveCfg = Release|Any CPU
		{AC6C9F6D-5A35-4FA0-9CDE-176DF77AC6E4}.Release|x64.Build.0 = Release|Any CPU
		{DD56E325-B00F-497A-A1D6-17FDBA0A659E}.Debug|Any CPU.ActiveCfg = Debug|Any CPU
		{DD56E325-B00F-497A-A1D6-17FDBA0A659E}.Debug|Any CPU.Build.0 = Debug|Any CPU
		{DD56E325-B00F-497A-A1D6-17FDBA0A659E}.Debug|x64.ActiveCfg = Debug|x64
		{DD56E325-B00F-497A-A1D6-17FDBA0A659E}.Debug|x64.Build.0 = Debug|x64
		{DD56E325-B00F-497A-A1D6-17FDBA0A659E}.Release|Any CPU.ActiveCfg = Release|Any CPU
		{DD56E325-B00F-497A-A1D6-17FDBA0A659E}.Release|Any CPU.Build.0 = Release|Any CPU
		{DD56E325-B00F-497A-A1D6-17FDBA0A659E}.Release|x64.ActiveCfg = Release|x64
		{DD56E325-B00F-497A-A1D6-17FDBA0A659E}.Release|x64.Build.0 = Release|x64
		{4A9F5AAE-9D5E-4A98-9510-6AE7BCB7579A}.Debug|Any CPU.ActiveCfg = Debug|Any CPU
		{4A9F5AAE-9D5E-4A98-9510-6AE7BCB7579A}.Debug|Any CPU.Build.0 = Debug|Any CPU
		{4A9F5AAE-9D5E-4A98-9510-6AE7BCB7579A}.Debug|x64.ActiveCfg = Debug|x64
		{4A9F5AAE-9D5E-4A98-9510-6AE7BCB7579A}.Debug|x64.Build.0 = Debug|x64
		{4A9F5AAE-9D5E-4A98-9510-6AE7BCB7579A}.Release|Any CPU.ActiveCfg = Release|Any CPU
		{4A9F5AAE-9D5E-4A98-9510-6AE7BCB7579A}.Release|Any CPU.Build.0 = Release|Any CPU
		{4A9F5AAE-9D5E-4A98-9510-6AE7BCB7579A}.Release|x64.ActiveCfg = Release|x64
		{4A9F5AAE-9D5E-4A98-9510-6AE7BCB7579A}.Release|x64.Build.0 = Release|x64
	EndGlobalSection
	GlobalSection(SolutionProperties) = preSolution
		HideSolutionNode = FALSE
	EndGlobalSection
	GlobalSection(ExtensibilityGlobals) = postSolution
		SolutionGuid = {5D370ECD-1E9A-43B2-A6EB-1734B303FF55}
	EndGlobalSection
EndGlobal
